{
    "_readme": [
        "This file locks the dependencies of your project to a known state",
        "Read more about it at https://getcomposer.org/doc/01-basic-usage.md#installing-dependencies",
        "This file is @generated automatically"
    ],
    "content-hash": "165c4212fb41837d4cca37fe1df0d8d2",
    "packages": [
        {
            "name": "bviguier/phpresent",
            "version": "dev-master",
            "source": {
                "type": "git",
                "url": "git@github.com:b-viguier/PhPresent.git",
                "reference": "bee4ccccba290da8ee6cf14df3dcd4a96b3d362c"
            },
            "require": {
                "ext-imagick": "^3.4",
                "ext-sdl": "^2.1",
                "php": "^7.2"
            },
            "require-dev": {
                "phpstan/phpstan-shim": "^0.11.8",
                "sensiolabs-de/deptrac-shim": "^0.5.0"
            },
            "type": "library",
            "autoload": {
                "psr-4": {
                    "PhPresent\\": "src/"
                }
            },
            "scripts": {
                "analyse": [
                    "@php ./vendor/bin/phpstan --level=max analyse src/ examples/"
                ],
                "cs": [
                    "@php ./vendor/bin/php-cs-fixer fix --dry-run --diff"
                ],
                "cs-fix": [
                    "@php ./vendor/bin/php-cs-fixer fix"
                ],
                "cs-ci": [
                    "@php ./vendor/bin/php-cs-fixer fix --dry-run --using-cache=no --verbose"
                ],
                "deps": [
                    "@php ./vendor/bin/deptrac"
                ],
                "ci": [
                    "@analyse",
                    "@cs-ci",
                    "@deps"
                ]
            },
            "license": [
                "MIT"
            ],
            "authors": [
                {
                    "name": "Benoit Viguier",
                    "email": "benoit.viguier.pro+github@gmail.com"
                }
            ],
            "description": "Create and run presentation from Php.",
            "time": "2019-10-13T13:37:42+00:00"
        }
    ],
    "packages-dev": [],
    "aliases": [],
    "minimum-stability": "stable",
    "stability-flags": {
        "bviguier/phpresent": 20
    },
    "prefer-stable": false,
    "prefer-lowest": false,
    "platform": {
        "php": "^7.2"
    },
    "platform-dev": []
}
