{
    "_readme": [
        "This file locks the dependencies of your project to a known state",
        "Read more about it at https://getcomposer.org/doc/01-basic-usage.md#installing-dependencies",
        "This file is @generated automatically"
    ],
    "content-hash": "c0c3de4b505618d139ab7ceabc0c726e",
    "packages": [
        {
            "name": "bviguier/phpresent",
            "version": "dev-master",
            "source": {
                "type": "git",
                "url": "https://github.com/b-viguier/PhPresent.git",
                "reference": "942e8b480cd0d14a750879933bba2b886d9cd915"
            },
            "dist": {
                "type": "zip",
                "url": "https://api.github.com/repos/b-viguier/PhPresent/zipball/942e8b480cd0d14a750879933bba2b886d9cd915",
                "reference": "942e8b480cd0d14a750879933bba2b886d9cd915",
                "shasum": ""
            },
            "require": {
                "ext-imagick": "^3.4",
                "ext-sdl": "^2.1",
                "php": "^7.2"
            },
            "require-dev": {
                "phpstan/phpstan-shim": "^0.11.8",
                "sensiolabs-de/deptrac-shim": "^0.5.0"
            },
            "type": "library",
            "autoload": {
                "psr-4": {
                    "PhPresent\\": "src/"
                }
            },
            "notification-url": "https://packagist.org/downloads/",
            "license": [
                "MIT"
            ],
            "authors": [
                {
                    "name": "Benoit Viguier",
                    "email": "benoit.viguier.pro+github@gmail.com"
                }
            ],
            "description": "Create and run presentation from Php.",
            "time": "2019-10-23T15:52:15+00:00"
        }
    ],
    "packages-dev": [],
    "aliases": [],
    "minimum-stability": "stable",
    "stability-flags": {
        "bviguier/phpresent": 20
    },
    "prefer-stable": false,
    "prefer-lowest": false,
    "platform": {
        "php": "^7.2"
    },
    "platform-dev": []
}
